PODS:
  - Alamofire (5.5.0)
  - Anchorage (4.5.0)
  - Differentiator (5.0.0)
  - KeychainAccess (4.2.2)
  - MJRefresh (3.7.5)
  - Moya/Core (15.0.0):
    - Alamofire (~> 5.0)
  - Moya/RxSwift (15.0.0):
    - Moya/Core
    - RxSwift (~> 6.0)
  - "NSObject+Rx (5.2.2)":
    - RxSwift (~> 6.2)
  - RxCocoa (6.2.0):
    - RxRelay (= 6.2.0)
    - RxSwift (= 6.2.0)
  - RxDataSources (5.0.0):
    - Differentiator (~> 5.0)
    - RxCocoa (~> 6.0)
    - RxSwift (~> 6.0)
  - RxGesture (4.0.3):
    - RxCocoa (~> 6.0)
    - RxSwift (~> 6.0)
  - RxOptional (5.0.2):
    - RxCocoa (~> 6.0)
    - RxSwift (~> 6.0)
  - RxRelay (6.2.0):
    - RxSwift (= 6.2.0)
  - RxSwift (6.2.0)
  - RxSwiftExt (6.0.1):
    - RxSwiftExt/Core (= 6.0.1)
    - RxSwiftExt/RxCocoa (= 6.0.1)
  - RxSwiftExt/Core (6.0.1):
    - RxSwift (~> 6.0)
  - RxSwiftExt/RxCocoa (6.0.1):
    - RxCocoa (~> 6.0)
    - RxSwiftExt/Core
  - SDWebImage (5.12.2):
    - SDWebImage/Core (= 5.12.2)
  - SDWebImage/Core (5.12.2)

DEPENDENCIES:
  - Anchorage
  - KeychainAccess
  - MJRefresh
  - Moya/RxSwift (= 15.0)
  - "NSObject+Rx"
  - RxDataSources
  - RxGesture
  - RxOptional
  - RxSwift
  - RxSwiftExt
  - SDWebImage

SPEC REPOS:
  trunk:
    - Alamofire
    - Anchorage
    - Differentiator
    - KeychainAccess
    - MJRefresh
    - Moya
    - "NSObject+Rx"
    - RxCocoa
    - RxDataSources
    - RxGesture
    - RxOptional
    - RxRelay
    - RxSwift
    - RxSwiftExt
    - SDWebImage

SPEC CHECKSUMS:
  Alamofire: 1c4fb5369c3fe93d2857c780d8bbe09f06f97e7c
  Anchorage: 1961bc81c84aeed54ad7ffc697c50cd9de748ba6
  Differentiator: e8497ceab83c1b10ca233716d547b9af21b9344d
  KeychainAccess: c0c4f7f38f6fc7bbe58f5702e25f7bd2f65abf51
  MJRefresh: fdf5e979eb406a0341468932d1dfc8b7f9fce961
  Moya: 138f0573e53411fb3dc17016add0b748dfbd78ee
  "NSObject+Rx": 61cf1f7306a73dcef8b36649198af0813ec18dfd
  RxCocoa: 4baf94bb35f2c0ab31bc0cb9f1900155f646ba42
  RxDataSources: aa47cc1ed6c500fa0dfecac5c979b723542d79cf
  RxGesture: abadd243fc36db74df43dfc893829ddde94f1a3d
  RxOptional: 3664964c96b69dd20c9cf78bdfe546615e26eca8
  RxRelay: e72dbfd157807478401ef1982e1c61c945c94b2f
  RxSwift: d356ab7bee873611322f134c5f9ef379fa183d8f
  RxSwiftExt: d61c4b9b06e0a448041b1c659e0f1b5c5a035afc
  SDWebImage: 240e5c12b592fb1268c1d03b8c90d90e8c2ffe82

PODFILE CHECKSUM: ba45e100630111bc5460875d92978f33f23575c6

COCOAPODS: 1.11.2
